
Microsoft Visual Studio Solution File, Format Version 12.00
# Visual Studio Version 16
VisualStudioVersion = 16.0.31729.503
MinimumVisualStudioVersion = 10.0.40219.1
Project("{9A19103F-16F7-4668-BE54-9A1E7A4F7556}") = "Rocky", "Rocky\Rocky.csproj", "{678ECA95-DD17-4C5E-8DCD-197DFD800F1E}"
EndProject
Global
	GlobalSection(SolutionConfigurationPlatforms) = preSolution
		Debug|Any CPU = Debug|Any CPU
		Release|Any CPU = Release|Any CPU
	EndGlobalSection
	GlobalSection(ProjectConfigurationPlatforms) = postSolution
		{678ECA95-DD17-4C5E-8DCD-197DFD800F1E}.Debug|Any CPU.ActiveCfg = Debug|Any CPU
		{678ECA95-DD17-4C5E-8DCD-197DFD800F1E}.Debug|Any CPU.Build.0 = Debug|Any CPU
		{678ECA95-DD17-4C5E-8DCD-197DFD800F1E}.Release|Any CPU.ActiveCfg = Release|Any CPU
		{678ECA95-DD17-4C5E-8DCD-197DFD800F1E}.Release|Any CPU.Build.0 = Release|Any CPU
	EndGlobalSection
	GlobalSection(SolutionProperties) = preSolution
		HideSolutionNode = FALSE
	EndGlobalSection
	GlobalSection(ExtensibilityGlobals) = postSolution
		SolutionGuid = {A54126D4-4FC8-40A6-B977-53274FBD719B}
	EndGlobalSection
EndGlobal
